
Microsoft Visual Studio Solution File, Format Version 12.00
# Visual Studio Version 17
VisualStudioVersion = 17.0.31903.59
MinimumVisualStudioVersion = 10.0.40219.1
Project("{FAE04EC0-301F-11D3-BF4B-00C04F79EFBC}") = "DayCounter", "DayCounter\DayCounter.csproj", "{24889F2D-CEEF-4875-893C-6955F338BD60}"
EndProject
Project("{2150E333-8FDC-42A3-9474-1A3956D46DE8}") = "Tests", "Tests", "{A8081E5B-AA58-4C30-8677-B82BE494D53D}"
EndProject
Project("{FAE04EC0-301F-11D3-BF4B-00C04F79EFBC}") = "DayCounterTests", "Tests\DayCounterTests\DayCounterTests.csproj", "{75E2D58A-30EC-4EB1-B40A-0264B41A9D01}"
EndProject
Global
	GlobalSection(SolutionConfigurationPlatforms) = preSolution
		Debug|Any CPU = Debug|Any CPU
		Release|Any CPU = Release|Any CPU
	EndGlobalSection
	GlobalSection(SolutionProperties) = preSolution
		HideSolutionNode = FALSE
	EndGlobalSection
	GlobalSection(ProjectConfigurationPlatforms) = postSolution
		{24889F2D-CEEF-4875-893C-6955F338BD60}.Debug|Any CPU.ActiveCfg = Debug|Any CPU
		{24889F2D-CEEF-4875-893C-6955F338BD60}.Debug|Any CPU.Build.0 = Debug|Any CPU
		{24889F2D-CEEF-4875-893C-6955F338BD60}.Release|Any CPU.ActiveCfg = Release|Any CPU
		{24889F2D-CEEF-4875-893C-6955F338BD60}.Release|Any CPU.Build.0 = Release|Any CPU
		{75E2D58A-30EC-4EB1-B40A-0264B41A9D01}.Debug|Any CPU.ActiveCfg = Debug|Any CPU
		{75E2D58A-30EC-4EB1-B40A-0264B41A9D01}.Debug|Any CPU.Build.0 = Debug|Any CPU
		{75E2D58A-30EC-4EB1-B40A-0264B41A9D01}.Release|Any CPU.ActiveCfg = Release|Any CPU
		{75E2D58A-30EC-4EB1-B40A-0264B41A9D01}.Release|Any CPU.Build.0 = Release|Any CPU
	EndGlobalSection
	GlobalSection(NestedProjects) = preSolution
		{75E2D58A-30EC-4EB1-B40A-0264B41A9D01} = {A8081E5B-AA58-4C30-8677-B82BE494D53D}
	EndGlobalSection
EndGlobal
